
Microsoft Visual Studio Solution File, Format Version 12.00
# Visual Studio Version 17
VisualStudioVersion = 17.8.34322.80
MinimumVisualStudioVersion = 10.0.40219.1
Project("{888888A0-9F3D-457C-B088-3A5042F75D52}") = "BasicProject", "BasicProject\BasicProject.pyproj", "{22EA9760-9558-4CD5-BC8C-22C522924008}"
EndProject
Global
	GlobalSection(SolutionConfigurationPlatforms) = preSolution
		Debug|Any CPU = Debug|Any CPU
		Release|Any CPU = Release|Any CPU
	EndGlobalSection
	GlobalSection(ProjectConfigurationPlatforms) = postSolution
		{22EA9760-9558-4CD5-BC8C-22C522924008}.Debug|Any CPU.ActiveCfg = Debug|Any CPU
		{22EA9760-9558-4CD5-BC8C-22C522924008}.Debug|Any CPU.Build.0 = Debug|Any CPU
		{22EA9760-9558-4CD5-BC8C-22C522924008}.Release|Any CPU.ActiveCfg = Release|Any CPU
		{22EA9760-9558-4CD5-BC8C-22C522924008}.Release|Any CPU.Build.0 = Release|Any CPU
	EndGlobalSection
	GlobalSection(SolutionProperties) = preSolution
		HideSolutionNode = FALSE
	EndGlobalSection
	GlobalSection(ExtensibilityGlobals) = postSolution
		SolutionGuid = {003AC4A1-7346-4619-9771-C585A9AED60D}
	EndGlobalSection
EndGlobal
